
Microsoft Visual Studio Solution File, Format Version 12.00
# Visual Studio Version 17
VisualStudioVersion = 17.13.35931.197 d17.13
MinimumVisualStudioVersion = 10.0.40219.1
Project("{FAE04EC0-301F-11D3-BF4B-00C04F79EFBC}") = "UserPermissionsApi", "UserPermissionsApi.csproj", "{255B99FA-9250-4833-9863-1EC93CFBBB4E}"
EndProject
Global
	GlobalSection(SolutionConfigurationPlatforms) = preSolution
		Debug|Any CPU = Debug|Any CPU
		Release|Any CPU = Release|Any CPU
	EndGlobalSection
	GlobalSection(ProjectConfigurationPlatforms) = postSolution
		{255B99FA-9250-4833-9863-1EC93CFBBB4E}.Debug|Any CPU.ActiveCfg = Debug|Any CPU
		{255B99FA-9250-4833-9863-1EC93CFBBB4E}.Debug|Any CPU.Build.0 = Debug|Any CPU
		{255B99FA-9250-4833-9863-1EC93CFBBB4E}.Release|Any CPU.ActiveCfg = Release|Any CPU
		{255B99FA-9250-4833-9863-1EC93CFBBB4E}.Release|Any CPU.Build.0 = Release|Any CPU
	EndGlobalSection
	GlobalSection(SolutionProperties) = preSolution
		HideSolutionNode = FALSE
	EndGlobalSection
	GlobalSection(ExtensibilityGlobals) = postSolution
		SolutionGuid = {2DC2B738-1466-4D04-9C20-F0E4227203D7}
	EndGlobalSection
EndGlobal
